
Microsoft Visual Studio Solution File, Format Version 12.00
# Visual Studio Version 17
VisualStudioVersion = 17.1.32414.318
MinimumVisualStudioVersion = 10.0.40219.1
Project("{9A19103F-16F7-4668-BE54-9A1E7A4F7556}") = "Play.Frontend", "..\Play.Frontend\src\Play.Frontend.csproj", "{CF34EFBC-85C3-4DAA-866F-F47ED5A2547D}"
EndProject
Global
	GlobalSection(SolutionConfigurationPlatforms) = preSolution
		Debug|Any CPU = Debug|Any CPU
		Release|Any CPU = Release|Any CPU
	EndGlobalSection
	GlobalSection(ProjectConfigurationPlatforms) = postSolution
		{CF34EFBC-85C3-4DAA-866F-F47ED5A2547D}.Debug|Any CPU.ActiveCfg = Debug|Any CPU
		{CF34EFBC-85C3-4DAA-866F-F47ED5A2547D}.Debug|Any CPU.Build.0 = Debug|Any CPU
		{CF34EFBC-85C3-4DAA-866F-F47ED5A2547D}.Release|Any CPU.ActiveCfg = Release|Any CPU
		{CF34EFBC-85C3-4DAA-866F-F47ED5A2547D}.Release|Any CPU.Build.0 = Release|Any CPU
	EndGlobalSection
	GlobalSection(SolutionProperties) = preSolution
		HideSolutionNode = FALSE
	EndGlobalSection
	GlobalSection(ExtensibilityGlobals) = postSolution
		SolutionGuid = {8E7CF34D-443A-4FA2-8A13-10039E11542C}
	EndGlobalSection
EndGlobal
